
Microsoft Visual Studio Solution File, Format Version 12.00
# Visual Studio 15
VisualStudioVersion = 15.0.28307.1738
MinimumVisualStudioVersion = 10.0.40219.1
Project("{8BC9CEB8-8B4A-11D0-8D11-00A0C91BC942}") = "GPUOpenCLProject1", "GPUOpenCLProject1\GPUOpenCLProject1.vcxproj", "{73BDC47A-797D-4542-B1CE-49E9DEDF5D9F}"
EndProject
Project("{8BC9CEB8-8B4A-11D0-8D11-00A0C91BC942}") = "vecAdd", "vecAdd\vecAdd.vcxproj", "{63BA4E7D-F1AC-4803-91A6-ACCCBD1EA72B}"
EndProject
Project("{8BC9CEB8-8B4A-11D0-8D11-00A0C91BC942}") = "MatrixMultiplication", "MatrixMultiplication\MatrixMultiplication.vcxproj", "{32D22FEB-CC53-41F1-85AE-13A0856C66A5}"
EndProject
Project("{2150E333-8FDC-42A3-9474-1A3956D46DE8}") = "Solution Items", "Solution Items", "{BA1D2A4E-6959-47C7-9BC7-1E71EB88747B}"
	ProjectSection(SolutionItems) = preProject
		README.md = README.md
	EndProjectSection
EndProject
Project("{8BC9CEB8-8B4A-11D0-8D11-00A0C91BC942}") = "Convolution", "Convolution\Convolution.vcxproj", "{744F4338-B453-4399-9AA7-FD8974FB0198}"
EndProject
Project("{8BC9CEB8-8B4A-11D0-8D11-00A0C91BC942}") = "Bicubic", "Bicubic\Bicubic.vcxproj", "{1EB7E5F9-4C92-429D-8647-EDA524FE0276}"
EndProject
Global
	GlobalSection(SolutionConfigurationPlatforms) = preSolution
		Debug|x64 = Debug|x64
		Debug|x86 = Debug|x86
		Release|x64 = Release|x64
		Release|x86 = Release|x86
	EndGlobalSection
	GlobalSection(ProjectConfigurationPlatforms) = postSolution
		{73BDC47A-797D-4542-B1CE-49E9DEDF5D9F}.Debug|x64.ActiveCfg = Debug|x64
		{73BDC47A-797D-4542-B1CE-49E9DEDF5D9F}.Debug|x64.Build.0 = Debug|x64
		{73BDC47A-797D-4542-B1CE-49E9DEDF5D9F}.Debug|x86.ActiveCfg = Debug|Win32
		{73BDC47A-797D-4542-B1CE-49E9DEDF5D9F}.Debug|x86.Build.0 = Debug|Win32
		{73BDC47A-797D-4542-B1CE-49E9DEDF5D9F}.Release|x64.ActiveCfg = Release|x64
		{73BDC47A-797D-4542-B1CE-49E9DEDF5D9F}.Release|x64.Build.0 = Release|x64
		{73BDC47A-797D-4542-B1CE-49E9DEDF5D9F}.Release|x86.ActiveCfg = Release|Win32
		{73BDC47A-797D-4542-B1CE-49E9DEDF5D9F}.Release|x86.Build.0 = Release|Win32
		{63BA4E7D-F1AC-4803-91A6-ACCCBD1EA72B}.Debug|x64.ActiveCfg = Debug|x64
		{63BA4E7D-F1AC-4803-91A6-ACCCBD1EA72B}.Debug|x64.Build.0 = Debug|x64
		{63BA4E7D-F1AC-4803-91A6-ACCCBD1EA72B}.Debug|x86.ActiveCfg = Debug|Win32
		{63BA4E7D-F1AC-4803-91A6-ACCCBD1EA72B}.Debug|x86.Build.0 = Debug|Win32
		{63BA4E7D-F1AC-4803-91A6-ACCCBD1EA72B}.Release|x64.ActiveCfg = Release|x64
		{63BA4E7D-F1AC-4803-91A6-ACCCBD1EA72B}.Release|x64.Build.0 = Release|x64
		{63BA4E7D-F1AC-4803-91A6-ACCCBD1EA72B}.Release|x86.ActiveCfg = Release|Win32
		{63BA4E7D-F1AC-4803-91A6-ACCCBD1EA72B}.Release|x86.Build.0 = Release|Win32
		{32D22FEB-CC53-41F1-85AE-13A0856C66A5}.Debug|x64.ActiveCfg = Debug|x64
		{32D22FEB-CC53-41F1-85AE-13A0856C66A5}.Debug|x64.Build.0 = Debug|x64
		{32D22FEB-CC53-41F1-85AE-13A0856C66A5}.Debug|x86.ActiveCfg = Debug|Win32
		{32D22FEB-CC53-41F1-85AE-13A0856C66A5}.Debug|x86.Build.0 = Debug|Win32
		{32D22FEB-CC53-41F1-85AE-13A0856C66A5}.Release|x64.ActiveCfg = Release|x64
		{32D22FEB-CC53-41F1-85AE-13A0856C66A5}.Release|x64.Build.0 = Release|x64
		{32D22FEB-CC53-41F1-85AE-13A0856C66A5}.Release|x86.ActiveCfg = Release|Win32
		{32D22FEB-CC53-41F1-85AE-13A0856C66A5}.Release|x86.Build.0 = Release|Win32
		{744F4338-B453-4399-9AA7-FD8974FB0198}.Debug|x64.ActiveCfg = Debug|x64
		{744F4338-B453-4399-9AA7-FD8974FB0198}.Debug|x64.Build.0 = Debug|x64
		{744F4338-B453-4399-9AA7-FD8974FB0198}.Debug|x86.ActiveCfg = Debug|Win32
		{744F4338-B453-4399-9AA7-FD8974FB0198}.Debug|x86.Build.0 = Debug|Win32
		{744F4338-B453-4399-9AA7-FD8974FB0198}.Release|x64.ActiveCfg = Release|x64
		{744F4338-B453-4399-9AA7-FD8974FB0198}.Release|x64.Build.0 = Release|x64
		{744F4338-B453-4399-9AA7-FD8974FB0198}.Release|x86.ActiveCfg = Release|Win32
		{744F4338-B453-4399-9AA7-FD8974FB0198}.Release|x86.Build.0 = Release|Win32
		{1EB7E5F9-4C92-429D-8647-EDA524FE0276}.Debug|x64.ActiveCfg = Debug|x64
		{1EB7E5F9-4C92-429D-8647-EDA524FE0276}.Debug|x64.Build.0 = Debug|x64
		{1EB7E5F9-4C92-429D-8647-EDA524FE0276}.Debug|x86.ActiveCfg = Debug|Win32
		{1EB7E5F9-4C92-429D-8647-EDA524FE0276}.Debug|x86.Build.0 = Debug|Win32
		{1EB7E5F9-4C92-429D-8647-EDA524FE0276}.Release|x64.ActiveCfg = Release|x64
		{1EB7E5F9-4C92-429D-8647-EDA524FE0276}.Release|x64.Build.0 = Release|x64
		{1EB7E5F9-4C92-429D-8647-EDA524FE0276}.Release|x86.ActiveCfg = Release|Win32
		{1EB7E5F9-4C92-429D-8647-EDA524FE0276}.Release|x86.Build.0 = Release|Win32
	EndGlobalSection
	GlobalSection(SolutionProperties) = preSolution
		HideSolutionNode = FALSE
	EndGlobalSection
	GlobalSection(ExtensibilityGlobals) = postSolution
		SolutionGuid = {34CAA283-2993-471E-BC40-48C177FAD39F}
	EndGlobalSection
EndGlobal
